{
  "object": {
    "pins": [
      {
        "package": "PMKFoundation",
        "repositoryURL": "https://github.com/PromiseKit/Foundation.git",
        "state": {
          "branch": null,
          "revision": "04b196a1cb3ce65a404724c4e6e87c43c56542a4",
          "version": "3.3.1"
        }
      },
      {
        "package": "Guaka",
        "repositoryURL": "https://github.com/nsomar/Guaka.git",
        "state": {
          "branch": null,
          "revision": "7d6135f0bcb324977698c40a1985f481899b6dce",
          "version": "0.3.1"
        }
      },
      {
        "package": "Path.swift",
        "repositoryURL": "https://github.com/mxcl/Path.swift.git",
        "state": {
          "branch": null,
          "revision": "e915bc0cfb5bcee9d48adfdb9e8208d07291c0e8",
          "version": "0.16.0"
        }
      },
      {
        "package": "PromiseKit",
        "repositoryURL": "https://github.com/mxcl/PromiseKit.git",
        "state": {
          "branch": null,
          "revision": "db3b2aaf0b26299c1828e0a302adf1a5523f4af5",
          "version": "6.8.3"
        }
      },
      {
        "package": "StringScanner",
        "repositoryURL": "https://github.com/getGuaka/StringScanner.git",
        "state": {
          "branch": null,
          "revision": "c2cf5c81dade9486386f1cacd917c03e959a3005",
          "version": "0.3.0"
        }
      },
      {
        "package": "SwiftSoup",
        "repositoryURL": "https://github.com/scinfu/SwiftSoup.git",
        "state": {
          "branch": null,
          "revision": "11da8c685ddde2d519fad04a7daf8485bbbc773e",
          "version": "1.7.5"
        }
      },
      {
        "package": "Version",
        "repositoryURL": "https://github.com/mxcl/Version.git",
        "state": {
          "branch": null,
          "revision": "087c91fedc110f9f833b14ef4c32745dabca8913",
          "version": "1.0.3"
        }
      }
    ]
  },
  "version": 1
}
